
Microsoft Visual Studio Solution File, Format Version 12.00
# Visual Studio 15
VisualStudioVersion = 15.0.27428.2037
MinimumVisualStudioVersion = 10.0.40219.1
Project("{FAE04EC0-301F-11D3-BF4B-00C04F79EFBC}") = "WindowsFormsApp1", "WindowsFormsApp1\WindowsFormsApp1.csproj", "{ED084AFB-C5EF-4FCC-9942-BA0378F0106A}"
EndProject
Global
	GlobalSection(SolutionConfigurationPlatforms) = preSolution
		Debug|Any CPU = Debug|Any CPU
		Release|Any CPU = Release|Any CPU
	EndGlobalSection
	GlobalSection(ProjectConfigurationPlatforms) = postSolution
		{ED084AFB-C5EF-4FCC-9942-BA0378F0106A}.Debug|Any CPU.ActiveCfg = Debug|Any CPU
		{ED084AFB-C5EF-4FCC-9942-BA0378F0106A}.Debug|Any CPU.Build.0 = Debug|Any CPU
		{ED084AFB-C5EF-4FCC-9942-BA0378F0106A}.Release|Any CPU.ActiveCfg = Release|Any CPU
		{ED084AFB-C5EF-4FCC-9942-BA0378F0106A}.Release|Any CPU.Build.0 = Release|Any CPU
	EndGlobalSection
	GlobalSection(SolutionProperties) = preSolution
		HideSolutionNode = FALSE
	EndGlobalSection
	GlobalSection(ExtensibilityGlobals) = postSolution
		SolutionGuid = {19C6003A-A810-4840-BE06-D287418AD190}
	EndGlobalSection
EndGlobal
